
Microsoft Visual Studio Solution File, Format Version 12.00
# Visual Studio Version 17
VisualStudioVersion = 17.1.32319.34
MinimumVisualStudioVersion = 10.0.40219.1
Project("{FAE04EC0-301F-11D3-BF4B-00C04F79EFBC}") = "Wordle", "Wordle\Wordle.csproj", "{700CF141-A693-4D1F-BADF-4595235972F5}"
EndProject
Global
	GlobalSection(SolutionConfigurationPlatforms) = preSolution
		Debug|Any CPU = Debug|Any CPU
		Release|Any CPU = Release|Any CPU
	EndGlobalSection
	GlobalSection(ProjectConfigurationPlatforms) = postSolution
		{700CF141-A693-4D1F-BADF-4595235972F5}.Debug|Any CPU.ActiveCfg = Debug|Any CPU
		{700CF141-A693-4D1F-BADF-4595235972F5}.Debug|Any CPU.Build.0 = Debug|Any CPU
		{700CF141-A693-4D1F-BADF-4595235972F5}.Release|Any CPU.ActiveCfg = Release|Any CPU
		{700CF141-A693-4D1F-BADF-4595235972F5}.Release|Any CPU.Build.0 = Release|Any CPU
	EndGlobalSection
	GlobalSection(SolutionProperties) = preSolution
		HideSolutionNode = FALSE
	EndGlobalSection
	GlobalSection(ExtensibilityGlobals) = postSolution
		SolutionGuid = {6BA4F409-744C-461C-9698-21B644E89218}
	EndGlobalSection
EndGlobal
